// !$*UTF8*$!
{
	archiveVersion = 1;
	classes = {
	};
	objectVersion = 54;
	objects = {

/* Begin PBXBuildFile section */
		00E356F31AD99517003FC87E /* componentsTests.m in Sources */ = {isa = PBXBuildFile; fileRef = 00E356F21AD99517003FC87E /* componentsTests.m */; };
		13B07FBC1A68108700A75B9A /* AppDelegate.m in Sources */ = {isa = PBXBuildFile; fileRef = 13B07FB01A68108700A75B9A /* AppDelegate.m */; };
		13B07FBF1A68108700A75B9A /* Images.xcassets in Resources */ = {isa = PBXBuildFile; fileRef = 13B07FB51A68108700A75B9A /* Images.xcassets */; };
		13B07FC11A68108700A75B9A /* main.m in Sources */ = {isa = PBXBuildFile; fileRef = 13B07FB71A68108700A75B9A /* main.m */; };
		81AB9BB82411601600AC10FF /* LaunchScreen.storyboard in Resources */ = {isa = PBXBuildFile; fileRef = 81AB9BB72411601600AC10FF /* LaunchScreen.storyboard */; };
		0D945A3E38B24A93ABC94A6B /* Lexend-Black.ttf in Resources */ = {isa = PBXBuildFile; fileRef = 33E6C5D39CC647BDA3C7BB76 /* Lexend-Black.ttf */; };
		9BBDC34092D746AFA2543F15 /* Lexend-Bold.ttf in Resources */ = {isa = PBXBuildFile; fileRef = 01EEBF435BF645B598E5639F /* Lexend-Bold.ttf */; };
		1625845A90C947A48823E8C3 /* Lexend-ExtraBold.ttf in Resources */ = {isa = PBXBuildFile; fileRef = D5022893F62641B0AD07C32A /* Lexend-ExtraBold.ttf */; };
		DAF8266624704471A34332FC /* Lexend-ExtraLight.ttf in Resources */ = {isa = PBXBuildFile; fileRef = 67AFC6219A4F4B60A8B336FA /* Lexend-ExtraLight.ttf */; };
		4C46A73DAAD8415183C53296 /* Lexend-Light.ttf in Resources */ = {isa = PBXBuildFile; fileRef = 299328FD4EF14818AE28FE94 /* Lexend-Light.ttf */; };
		DC81F16516F24B61911239F5 /* Lexend-Medium.ttf in Resources */ = {isa = PBXBuildFile; fileRef = 215E8DB086E34E70845278D7 /* Lexend-Medium.ttf */; };
		084DFE5D102F4793A7F5AB10 /* Lexend-Regular.ttf in Resources */ = {isa = PBXBuildFile; fileRef = 08FEAC9573104B09BE7BA79E /* Lexend-Regular.ttf */; };
		3AC51F074AF348419987914C /* Lexend-SemiBold.ttf in Resources */ = {isa = PBXBuildFile; fileRef = 3FBC8A9E6DFA417788D1BBB0 /* Lexend-SemiBold.ttf */; };
		64F0F4FCDB6E4D62BD79DEAA /* Lexend-Thin.ttf in Resources */ = {isa = PBXBuildFile; fileRef = DCCCEA5637C9463AB4CBE06E /* Lexend-Thin.ttf */; };
		0053189A6FE542159FB7FEF6 /* Poppins-Black.ttf in Resources */ = {isa = PBXBuildFile; fileRef = E9D699895A6F4F68B3B3DDD5 /* Poppins-Black.ttf */; };
		65447FD8642043F186029401 /* Poppins-BlackItalic.ttf in Resources */ = {isa = PBXBuildFile; fileRef = 4F7AB2EE6E6146DBB790166C /* Poppins-BlackItalic.ttf */; };
		5F3FA3EEE80F4EA8A83C8A97 /* Poppins-Bold.ttf in Resources */ = {isa = PBXBuildFile; fileRef = B9219C9C88D3447DAACAA424 /* Poppins-Bold.ttf */; };
		B3A6996673594C9EA1EDB5FE /* Poppins-BoldItalic.ttf in Resources */ = {isa = PBXBuildFile; fileRef = E0E99946CBD54B4BA54AC001 /* Poppins-BoldItalic.ttf */; };
		8AA88EC04472497192F5F50B /* Poppins-ExtraBold.ttf in Resources */ = {isa = PBXBuildFile; fileRef = 958FD82605004FD2A7264D8F /* Poppins-ExtraBold.ttf */; };
		D02FE1C8AA774AB69A3A6CBD /* Poppins-ExtraBoldItalic.ttf in Resources */ = {isa = PBXBuildFile; fileRef = E744201F908043AAB971FE54 /* Poppins-ExtraBoldItalic.ttf */; };
		22EF47B56FF4427FAFD457AB /* Poppins-ExtraLight.ttf in Resources */ = {isa = PBXBuildFile; fileRef = 1D201CD1C3594B3EA23F7FA7 /* Poppins-ExtraLight.ttf */; };
		81CEFF584E8F48B1A4D62D66 /* Poppins-ExtraLightItalic.ttf in Resources */ = {isa = PBXBuildFile; fileRef = CC6AC8D661DF49BC93DAB1F8 /* Poppins-ExtraLightItalic.ttf */; };
		330B234119A841C8BF02F339 /* Poppins-Italic.ttf in Resources */ = {isa = PBXBuildFile; fileRef = B8842776F7A440DE9AF5A1B8 /* Poppins-Italic.ttf */; };
		D76F49B768AE473299F0888A /* Poppins-Light.ttf in Resources */ = {isa = PBXBuildFile; fileRef = 74ED9126E52C4E53A75F1CF8 /* Poppins-Light.ttf */; };
		C179A8C97EFD47D9B89455D7 /* Poppins-LightItalic.ttf in Resources */ = {isa = PBXBuildFile; fileRef = FEBE16312A0D4FE0A438DFDE /* Poppins-LightItalic.ttf */; };
		7890478AB8DC4A7CB0740B80 /* Poppins-Medium.ttf in Resources */ = {isa = PBXBuildFile; fileRef = FC17D7FB02ED4460986DAB5E /* Poppins-Medium.ttf */; };
		10959208CFA0424BB7DA0063 /* Poppins-MediumItalic.ttf in Resources */ = {isa = PBXBuildFile; fileRef = 0C1593AC60D94BE392E95451 /* Poppins-MediumItalic.ttf */; };
		5CDE9855FDFC4043B40C4FE2 /* Poppins-Regular.ttf in Resources */ = {isa = PBXBuildFile; fileRef = 93E8F3EED81F41A897257740 /* Poppins-Regular.ttf */; };
		FE7FFA5201C94A9D867F4F03 /* Poppins-SemiBold.ttf in Resources */ = {isa = PBXBuildFile; fileRef = 59EEFB56C7CC461284638328 /* Poppins-SemiBold.ttf */; };
		0CE5051D59484143939AF7E8 /* Poppins-SemiBoldItalic.ttf in Resources */ = {isa = PBXBuildFile; fileRef = 36EA27FBBA664A55B6E65596 /* Poppins-SemiBoldItalic.ttf */; };
		8EF498564AA74B92B9ACEC70 /* Poppins-Thin.ttf in Resources */ = {isa = PBXBuildFile; fileRef = FE383963109B487292E58F37 /* Poppins-Thin.ttf */; };
		A9949A4478B44CF3AE3FC390 /* Poppins-ThinItalic.ttf in Resources */ = {isa = PBXBuildFile; fileRef = C2A05E923E124C5E9E6F5171 /* Poppins-ThinItalic.ttf */; };
		80CA4CDB0A8F40F0829EAB3D /* AntDesign.ttf in Resources */ = {isa = PBXBuildFile; fileRef = FB5E6FCB7CB540C491A266F7 /* AntDesign.ttf */; };
		AFEB31E525504CEF8846CC80 /* Entypo.ttf in Resources */ = {isa = PBXBuildFile; fileRef = 11BEBDAF04AE4E74BA2AC1DF /* Entypo.ttf */; };
		FD5CD3BBAF6C4C90A806BC20 /* EvilIcons.ttf in Resources */ = {isa = PBXBuildFile; fileRef = 93F547A75C0241748FB4E101 /* EvilIcons.ttf */; };
		2F0146D8BF5C4A85B526C8D8 /* Feather.ttf in Resources */ = {isa = PBXBuildFile; fileRef = BB1447D9898B47CD8EB79E21 /* Feather.ttf */; };
		F6D1D9EBF02148F1A6FF4D91 /* FontAwesome.ttf in Resources */ = {isa = PBXBuildFile; fileRef = C64C4017319D4F389CF89F74 /* FontAwesome.ttf */; };
		D19B9715888E4E92B0FB3C23 /* FontAwesome5_Brands.ttf in Resources */ = {isa = PBXBuildFile; fileRef = C68B21651D5D45F3A2913709 /* FontAwesome5_Brands.ttf */; };
		944F00EFA9E34104870090BE /* FontAwesome5_Regular.ttf in Resources */ = {isa = PBXBuildFile; fileRef = 809B5A97C23240F1AA52DABD /* FontAwesome5_Regular.ttf */; };
		74F7F8F05FA3439E85CA3782 /* FontAwesome5_Solid.ttf in Resources */ = {isa = PBXBuildFile; fileRef = E066C2536ED04AD28418F636 /* FontAwesome5_Solid.ttf */; };
		EE0787B1677141CF9F9ED899 /* Fontisto.ttf in Resources */ = {isa = PBXBuildFile; fileRef = 32E5E585C1CE443C923EAED2 /* Fontisto.ttf */; };
		0D048A5ED7C348179B3A901F /* Foundation.ttf in Resources */ = {isa = PBXBuildFile; fileRef = A5DDC34968704D2ABDBF51F4 /* Foundation.ttf */; };
		8E570813F53348C5A1BFC21B /* Ionicons.ttf in Resources */ = {isa = PBXBuildFile; fileRef = A0CF579F54774D43B0914456 /* Ionicons.ttf */; };
		EBCBA4E5184143E79F555AF3 /* MaterialCommunityIcons.ttf in Resources */ = {isa = PBXBuildFile; fileRef = 0C5A7F3ACD0649BF8C9081B3 /* MaterialCommunityIcons.ttf */; };
		4221D52AC47E481487B0D51A /* MaterialIcons.ttf in Resources */ = {isa = PBXBuildFile; fileRef = B884F602818B4434847146C7 /* MaterialIcons.ttf */; };
		FCA18F24B008410FBC74F8D2 /* Octicons.ttf in Resources */ = {isa = PBXBuildFile; fileRef = C6C61B0D09D441019457452D /* Octicons.ttf */; };
		7006D81E87B7488C96C0786D /* SimpleLineIcons.ttf in Resources */ = {isa = PBXBuildFile; fileRef = 8E320EED4D9C4DDE8A031914 /* SimpleLineIcons.ttf */; };
		D1AFD3E0E60149ADAA895AFE /* Zocial.ttf in Resources */ = {isa = PBXBuildFile; fileRef = C7A274784A3C46AE89203C88 /* Zocial.ttf */; };
/* End PBXBuildFile section */

/* Begin PBXContainerItemProxy section */
		00E356F41AD99517003FC87E /* PBXContainerItemProxy */ = {
			isa = PBXContainerItemProxy;
			containerPortal = 83CBB9F71A601CBA00E9B192 /* Project object */;
			proxyType = 1;
			remoteGlobalIDString = 13B07F861A680F5B00A75B9A;
			remoteInfo = components;
		};
/* End PBXContainerItemProxy section */

/* Begin PBXFileReference section */
		00E356EE1AD99517003FC87E /* componentsTests.xctest */ = {isa = PBXFileReference; explicitFileType = wrapper.cfbundle; includeInIndex = 0; path = componentsTests.xctest; sourceTree = BUILT_PRODUCTS_DIR; };
		00E356F11AD99517003FC87E /* Info.plist */ = {isa = PBXFileReference; lastKnownFileType = text.plist.xml; path = Info.plist; sourceTree = "<group>"; };
		00E356F21AD99517003FC87E /* componentsTests.m */ = {isa = PBXFileReference; lastKnownFileType = sourcecode.c.objc; path = componentsTests.m; sourceTree = "<group>"; };
		13B07F961A680F5B00A75B9A /* components.app */ = {isa = PBXFileReference; explicitFileType = wrapper.application; includeInIndex = 0; path = components.app; sourceTree = BUILT_PRODUCTS_DIR; };
		13B07FAF1A68108700A75B9A /* AppDelegate.h */ = {isa = PBXFileReference; fileEncoding = 4; lastKnownFileType = sourcecode.c.h; name = AppDelegate.h; path = components/AppDelegate.h; sourceTree = "<group>"; };
		13B07FB01A68108700A75B9A /* AppDelegate.m */ = {isa = PBXFileReference; fileEncoding = 4; lastKnownFileType = sourcecode.c.objc; name = AppDelegate.m; path = components/AppDelegate.m; sourceTree = "<group>"; };
		13B07FB51A68108700A75B9A /* Images.xcassets */ = {isa = PBXFileReference; lastKnownFileType = folder.assetcatalog; name = Images.xcassets; path = components/Images.xcassets; sourceTree = "<group>"; };
		13B07FB61A68108700A75B9A /* Info.plist */ = {isa = PBXFileReference; fileEncoding = 4; lastKnownFileType = text.plist.xml; name = Info.plist; path = components/Info.plist; sourceTree = "<group>"; };
		13B07FB71A68108700A75B9A /* main.m */ = {isa = PBXFileReference; fileEncoding = 4; lastKnownFileType = sourcecode.c.objc; name = main.m; path = components/main.m; sourceTree = "<group>"; };
		81AB9BB72411601600AC10FF /* LaunchScreen.storyboard */ = {isa = PBXFileReference; fileEncoding = 4; lastKnownFileType = file.storyboard; name = LaunchScreen.storyboard; path = components/LaunchScreen.storyboard; sourceTree = "<group>"; };
		ED297162215061F000B7C4FE /* JavaScriptCore.framework */ = {isa = PBXFileReference; lastKnownFileType = wrapper.framework; name = JavaScriptCore.framework; path = System/Library/Frameworks/JavaScriptCore.framework; sourceTree = SDKROOT; };
		33E6C5D39CC647BDA3C7BB76 /* Lexend-Black.ttf */ = {isa = PBXFileReference; name = "Lexend-Black.ttf"; path = "../assets/fonts/lexend/Lexend-Black.ttf"; sourceTree = "<group>"; fileEncoding = undefined; lastKnownFileType = unknown; explicitFileType = undefined; includeInIndex = 0; };
		01EEBF435BF645B598E5639F /* Lexend-Bold.ttf */ = {isa = PBXFileReference; name = "Lexend-Bold.ttf"; path = "../assets/fonts/lexend/Lexend-Bold.ttf"; sourceTree = "<group>"; fileEncoding = undefined; lastKnownFileType = unknown; explicitFileType = undefined; includeInIndex = 0; };
		D5022893F62641B0AD07C32A /* Lexend-ExtraBold.ttf */ = {isa = PBXFileReference; name = "Lexend-ExtraBold.ttf"; path = "../assets/fonts/lexend/Lexend-ExtraBold.ttf"; sourceTree = "<group>"; fileEncoding = undefined; lastKnownFileType = unknown; explicitFileType = undefined; includeInIndex = 0; };
		67AFC6219A4F4B60A8B336FA /* Lexend-ExtraLight.ttf */ = {isa = PBXFileReference; name = "Lexend-ExtraLight.ttf"; path = "../assets/fonts/lexend/Lexend-ExtraLight.ttf"; sourceTree = "<group>"; fileEncoding = undefined; lastKnownFileType = unknown; explicitFileType = undefined; includeInIndex = 0; };
		299328FD4EF14818AE28FE94 /* Lexend-Light.ttf */ = {isa = PBXFileReference; name = "Lexend-Light.ttf"; path = "../assets/fonts/lexend/Lexend-Light.ttf"; sourceTree = "<group>"; fileEncoding = undefined; lastKnownFileType = unknown; explicitFileType = undefined; includeInIndex = 0; };
		215E8DB086E34E70845278D7 /* Lexend-Medium.ttf */ = {isa = PBXFileReference; name = "Lexend-Medium.ttf"; path = "../assets/fonts/lexend/Lexend-Medium.ttf"; sourceTree = "<group>"; fileEncoding = undefined; lastKnownFileType = unknown; explicitFileType = undefined; includeInIndex = 0; };
		08FEAC9573104B09BE7BA79E /* Lexend-Regular.ttf */ = {isa = PBXFileReference; name = "Lexend-Regular.ttf"; path = "../assets/fonts/lexend/Lexend-Regular.ttf"; sourceTree = "<group>"; fileEncoding = undefined; lastKnownFileType = unknown; explicitFileType = undefined; includeInIndex = 0; };
		3FBC8A9E6DFA417788D1BBB0 /* Lexend-SemiBold.ttf */ = {isa = PBXFileReference; name = "Lexend-SemiBold.ttf"; path = "../assets/fonts/lexend/Lexend-SemiBold.ttf"; sourceTree = "<group>"; fileEncoding = undefined; lastKnownFileType = unknown; explicitFileType = undefined; includeInIndex = 0; };
		DCCCEA5637C9463AB4CBE06E /* Lexend-Thin.ttf */ = {isa = PBXFileReference; name = "Lexend-Thin.ttf"; path = "../assets/fonts/lexend/Lexend-Thin.ttf"; sourceTree = "<group>"; fileEncoding = undefined; lastKnownFileType = unknown; explicitFileType = undefined; includeInIndex = 0; };
		E9D699895A6F4F68B3B3DDD5 /* Poppins-Black.ttf */ = {isa = PBXFileReference; name = "Poppins-Black.ttf"; path = "../assets/fonts/poppins/Poppins-Black.ttf"; sourceTree = "<group>"; fileEncoding = undefined; lastKnownFileType = unknown; explicitFileType = undefined; includeInIndex = 0; };
		4F7AB2EE6E6146DBB790166C /* Poppins-BlackItalic.ttf */ = {isa = PBXFileReference; name = "Poppins-BlackItalic.ttf"; path = "../assets/fonts/poppins/Poppins-BlackItalic.ttf"; sourceTree = "<group>"; fileEncoding = undefined; lastKnownFileType = unknown; explicitFileType = undefined; includeInIndex = 0; };
		B9219C9C88D3447DAACAA424 /* Poppins-Bold.ttf */ = {isa = PBXFileReference; name = "Poppins-Bold.ttf"; path = "../assets/fonts/poppins/Poppins-Bold.ttf"; sourceTree = "<group>"; fileEncoding = undefined; lastKnownFileType = unknown; explicitFileType = undefined; includeInIndex = 0; };
		E0E99946CBD54B4BA54AC001 /* Poppins-BoldItalic.ttf */ = {isa = PBXFileReference; name = "Poppins-BoldItalic.ttf"; path = "../assets/fonts/poppins/Poppins-BoldItalic.ttf"; sourceTree = "<group>"; fileEncoding = undefined; lastKnownFileType = unknown; explicitFileType = undefined; includeInIndex = 0; };
		958FD82605004FD2A7264D8F /* Poppins-ExtraBold.ttf */ = {isa = PBXFileReference; name = "Poppins-ExtraBold.ttf"; path = "../assets/fonts/poppins/Poppins-ExtraBold.ttf"; sourceTree = "<group>"; fileEncoding = undefined; lastKnownFileType = unknown; explicitFileType = undefined; includeInIndex = 0; };
		E744201F908043AAB971FE54 /* Poppins-ExtraBoldItalic.ttf */ = {isa = PBXFileReference; name = "Poppins-ExtraBoldItalic.ttf"; path = "../assets/fonts/poppins/Poppins-ExtraBoldItalic.ttf"; sourceTree = "<group>"; fileEncoding = undefined; lastKnownFileType = unknown; explicitFileType = undefined; includeInIndex = 0; };
		1D201CD1C3594B3EA23F7FA7 /* Poppins-ExtraLight.ttf */ = {isa = PBXFileReference; name = "Poppins-ExtraLight.ttf"; path = "../assets/fonts/poppins/Poppins-ExtraLight.ttf"; sourceTree = "<group>"; fileEncoding = undefined; lastKnownFileType = unknown; explicitFileType = undefined; includeInIndex = 0; };
		CC6AC8D661DF49BC93DAB1F8 /* Poppins-ExtraLightItalic.ttf */ = {isa = PBXFileReference; name = "Poppins-ExtraLightItalic.ttf"; path = "../assets/fonts/poppins/Poppins-ExtraLightItalic.ttf"; sourceTree = "<group>"; fileEncoding = undefined; lastKnownFileType = unknown; explicitFileType = undefined; includeInIndex = 0; };
		B8842776F7A440DE9AF5A1B8 /* Poppins-Italic.ttf */ = {isa = PBXFileReference; name = "Poppins-Italic.ttf"; path = "../assets/fonts/poppins/Poppins-Italic.ttf"; sourceTree = "<group>"; fileEncoding = undefined; lastKnownFileType = unknown; explicitFileType = undefined; includeInIndex = 0; };
		74ED9126E52C4E53A75F1CF8 /* Poppins-Light.ttf */ = {isa = PBXFileReference; name = "Poppins-Light.ttf"; path = "../assets/fonts/poppins/Poppins-Light.ttf"; sourceTree = "<group>"; fileEncoding = undefined; lastKnownFileType = unknown; explicitFileType = undefined; includeInIndex = 0; };
		FEBE16312A0D4FE0A438DFDE /* Poppins-LightItalic.ttf */ = {isa = PBXFileReference; name = "Poppins-LightItalic.ttf"; path = "../assets/fonts/poppins/Poppins-LightItalic.ttf"; sourceTree = "<group>"; fileEncoding = undefined; lastKnownFileType = unknown; explicitFileType = undefined; includeInIndex = 0; };
		FC17D7FB02ED4460986DAB5E /* Poppins-Medium.ttf */ = {isa = PBXFileReference; name = "Poppins-Medium.ttf"; path = "../assets/fonts/poppins/Poppins-Medium.ttf"; sourceTree = "<group>"; fileEncoding = undefined; lastKnownFileType = unknown; explicitFileType = undefined; includeInIndex = 0; };
		0C1593AC60D94BE392E95451 /* Poppins-MediumItalic.ttf */ = {isa = PBXFileReference; name = "Poppins-MediumItalic.ttf"; path = "../assets/fonts/poppins/Poppins-MediumItalic.ttf"; sourceTree = "<group>"; fileEncoding = undefined; lastKnownFileType = unknown; explicitFileType = undefined; includeInIndex = 0; };
		93E8F3EED81F41A897257740 /* Poppins-Regular.ttf */ = {isa = PBXFileReference; name = "Poppins-Regular.ttf"; path = "../assets/fonts/poppins/Poppins-Regular.ttf"; sourceTree = "<group>"; fileEncoding = undefined; lastKnownFileType = unknown; explicitFileType = undefined; includeInIndex = 0; };
		59EEFB56C7CC461284638328 /* Poppins-SemiBold.ttf */ = {isa = PBXFileReference; name = "Poppins-SemiBold.ttf"; path = "../assets/fonts/poppins/Poppins-SemiBold.ttf"; sourceTree = "<group>"; fileEncoding = undefined; lastKnownFileType = unknown; explicitFileType = undefined; includeInIndex = 0; };
		36EA27FBBA664A55B6E65596 /* Poppins-SemiBoldItalic.ttf */ = {isa = PBXFileReference; name = "Poppins-SemiBoldItalic.ttf"; path = "../assets/fonts/poppins/Poppins-SemiBoldItalic.ttf"; sourceTree = "<group>"; fileEncoding = undefined; lastKnownFileType = unknown; explicitFileType = undefined; includeInIndex = 0; };
		FE383963109B487292E58F37 /* Poppins-Thin.ttf */ = {isa = PBXFileReference; name = "Poppins-Thin.ttf"; path = "../assets/fonts/poppins/Poppins-Thin.ttf"; sourceTree = "<group>"; fileEncoding = undefined; lastKnownFileType = unknown; explicitFileType = undefined; includeInIndex = 0; };
		C2A05E923E124C5E9E6F5171 /* Poppins-ThinItalic.ttf */ = {isa = PBXFileReference; name = "Poppins-ThinItalic.ttf"; path = "../assets/fonts/poppins/Poppins-ThinItalic.ttf"; sourceTree = "<group>"; fileEncoding = undefined; lastKnownFileType = unknown; explicitFileType = undefined; includeInIndex = 0; };
		FB5E6FCB7CB540C491A266F7 /* AntDesign.ttf */ = {isa = PBXFileReference; name = "AntDesign.ttf"; path = "../node_modules/react-native-vector-icons/Fonts/AntDesign.ttf"; sourceTree = "<group>"; fileEncoding = undefined; lastKnownFileType = unknown; explicitFileType = undefined; includeInIndex = 0; };
		11BEBDAF04AE4E74BA2AC1DF /* Entypo.ttf */ = {isa = PBXFileReference; name = "Entypo.ttf"; path = "../node_modules/react-native-vector-icons/Fonts/Entypo.ttf"; sourceTree = "<group>"; fileEncoding = undefined; lastKnownFileType = unknown; explicitFileType = undefined; includeInIndex = 0; };
		93F547A75C0241748FB4E101 /* EvilIcons.ttf */ = {isa = PBXFileReference; name = "EvilIcons.ttf"; path = "../node_modules/react-native-vector-icons/Fonts/EvilIcons.ttf"; sourceTree = "<group>"; fileEncoding = undefined; lastKnownFileType = unknown; explicitFileType = undefined; includeInIndex = 0; };
		BB1447D9898B47CD8EB79E21 /* Feather.ttf */ = {isa = PBXFileReference; name = "Feather.ttf"; path = "../node_modules/react-native-vector-icons/Fonts/Feather.ttf"; sourceTree = "<group>"; fileEncoding = undefined; lastKnownFileType = unknown; explicitFileType = undefined; includeInIndex = 0; };
		C64C4017319D4F389CF89F74 /* FontAwesome.ttf */ = {isa = PBXFileReference; name = "FontAwesome.ttf"; path = "../node_modules/react-native-vector-icons/Fonts/FontAwesome.ttf"; sourceTree = "<group>"; fileEncoding = undefined; lastKnownFileType = unknown; explicitFileType = undefined; includeInIndex = 0; };
		C68B21651D5D45F3A2913709 /* FontAwesome5_Brands.ttf */ = {isa = PBXFileReference; name = "FontAwesome5_Brands.ttf"; path = "../node_modules/react-native-vector-icons/Fonts/FontAwesome5_Brands.ttf"; sourceTree = "<group>"; fileEncoding = undefined; lastKnownFileType = unknown; explicitFileType = undefined; includeInIndex = 0; };
		809B5A97C23240F1AA52DABD /* FontAwesome5_Regular.ttf */ = {isa = PBXFileReference; name = "FontAwesome5_Regular.ttf"; path = "../node_modules/react-native-vector-icons/Fonts/FontAwesome5_Regular.ttf"; sourceTree = "<group>"; fileEncoding = undefined; lastKnownFileType = unknown; explicitFileType = undefined; includeInIndex = 0; };
		E066C2536ED04AD28418F636 /* FontAwesome5_Solid.ttf */ = {isa = PBXFileReference; name = "FontAwesome5_Solid.ttf"; path = "../node_modules/react-native-vector-icons/Fonts/FontAwesome5_Solid.ttf"; sourceTree = "<group>"; fileEncoding = undefined; lastKnownFileType = unknown; explicitFileType = undefined; includeInIndex = 0; };
		32E5E585C1CE443C923EAED2 /* Fontisto.ttf */ = {isa = PBXFileReference; name = "Fontisto.ttf"; path = "../node_modules/react-native-vector-icons/Fonts/Fontisto.ttf"; sourceTree = "<group>"; fileEncoding = undefined; lastKnownFileType = unknown; explicitFileType = undefined; includeInIndex = 0; };
		A5DDC34968704D2ABDBF51F4 /* Foundation.ttf */ = {isa = PBXFileReference; name = "Foundation.ttf"; path = "../node_modules/react-native-vector-icons/Fonts/Foundation.ttf"; sourceTree = "<group>"; fileEncoding = undefined; lastKnownFileType = unknown; explicitFileType = undefined; includeInIndex = 0; };
		A0CF579F54774D43B0914456 /* Ionicons.ttf */ = {isa = PBXFileReference; name = "Ionicons.ttf"; path = "../node_modules/react-native-vector-icons/Fonts/Ionicons.ttf"; sourceTree = "<group>"; fileEncoding = undefined; lastKnownFileType = unknown; explicitFileType = undefined; includeInIndex = 0; };
		0C5A7F3ACD0649BF8C9081B3 /* MaterialCommunityIcons.ttf */ = {isa = PBXFileReference; name = "MaterialCommunityIcons.ttf"; path = "../node_modules/react-native-vector-icons/Fonts/MaterialCommunityIcons.ttf"; sourceTree = "<group>"; fileEncoding = undefined; lastKnownFileType = unknown; explicitFileType = undefined; includeInIndex = 0; };
		B884F602818B4434847146C7 /* MaterialIcons.ttf */ = {isa = PBXFileReference; name = "MaterialIcons.ttf"; path = "../node_modules/react-native-vector-icons/Fonts/MaterialIcons.ttf"; sourceTree = "<group>"; fileEncoding = undefined; lastKnownFileType = unknown; explicitFileType = undefined; includeInIndex = 0; };
		C6C61B0D09D441019457452D /* Octicons.ttf */ = {isa = PBXFileReference; name = "Octicons.ttf"; path = "../node_modules/react-native-vector-icons/Fonts/Octicons.ttf"; sourceTree = "<group>"; fileEncoding = undefined; lastKnownFileType = unknown; explicitFileType = undefined; includeInIndex = 0; };
		8E320EED4D9C4DDE8A031914 /* SimpleLineIcons.ttf */ = {isa = PBXFileReference; name = "SimpleLineIcons.ttf"; path = "../node_modules/react-native-vector-icons/Fonts/SimpleLineIcons.ttf"; sourceTree = "<group>"; fileEncoding = undefined; lastKnownFileType = unknown; explicitFileType = undefined; includeInIndex = 0; };
		C7A274784A3C46AE89203C88 /* Zocial.ttf */ = {isa = PBXFileReference; name = "Zocial.ttf"; path = "../node_modules/react-native-vector-icons/Fonts/Zocial.ttf"; sourceTree = "<group>"; fileEncoding = undefined; lastKnownFileType = unknown; explicitFileType = undefined; includeInIndex = 0; };
/* End PBXFileReference section */

/* Begin PBXFrameworksBuildPhase section */
		00E356EB1AD99517003FC87E /* Frameworks */ = {
			isa = PBXFrameworksBuildPhase;
			buildActionMask = 2147483647;
			files = (
			);
			runOnlyForDeploymentPostprocessing = 0;
		};
		13B07F8C1A680F5B00A75B9A /* Frameworks */ = {
			isa = PBXFrameworksBuildPhase;
			buildActionMask = 2147483647;
			files = (
			);
			runOnlyForDeploymentPostprocessing = 0;
		};
/* End PBXFrameworksBuildPhase section */

/* Begin PBXGroup section */
		00E356EF1AD99517003FC87E /* componentsTests */ = {
			isa = PBXGroup;
			children = (
				00E356F21AD99517003FC87E /* componentsTests.m */,
				00E356F01AD99517003FC87E /* Supporting Files */,
			);
			path = componentsTests;
			sourceTree = "<group>";
		};
		00E356F01AD99517003FC87E /* Supporting Files */ = {
			isa = PBXGroup;
			children = (
				00E356F11AD99517003FC87E /* Info.plist */,
			);
			name = "Supporting Files";
			sourceTree = "<group>";
		};
		13B07FAE1A68108700A75B9A /* components */ = {
			isa = PBXGroup;
			children = (
				13B07FAF1A68108700A75B9A /* AppDelegate.h */,
				13B07FB01A68108700A75B9A /* AppDelegate.m */,
				13B07FB51A68108700A75B9A /* Images.xcassets */,
				13B07FB61A68108700A75B9A /* Info.plist */,
				81AB9BB72411601600AC10FF /* LaunchScreen.storyboard */,
				13B07FB71A68108700A75B9A /* main.m */,
			);
			name = components;
			sourceTree = "<group>";
		};
		2D16E6871FA4F8E400B85C8A /* Frameworks */ = {
			isa = PBXGroup;
			children = (
				ED297162215061F000B7C4FE /* JavaScriptCore.framework */,
			);
			name = Frameworks;
			sourceTree = "<group>";
		};
		832341AE1AAA6A7D00B99B32 /* Libraries */ = {
			isa = PBXGroup;
			children = (
			);
			name = Libraries;
			sourceTree = "<group>";
		};
		83CBB9F61A601CBA00E9B192 = {
			isa = PBXGroup;
			children = (
				13B07FAE1A68108700A75B9A /* components */,
				832341AE1AAA6A7D00B99B32 /* Libraries */,
				00E356EF1AD99517003FC87E /* componentsTests */,
				83CBBA001A601CBA00E9B192 /* Products */,
				2D16E6871FA4F8E400B85C8A /* Frameworks */,
				DFC26090817E41A59F1FE2D1 /* Resources */,
			);
			indentWidth = 2;
			sourceTree = "<group>";
			tabWidth = 2;
			usesTabs = 0;
		};
		83CBBA001A601CBA00E9B192 /* Products */ = {
			isa = PBXGroup;
			children = (
				13B07F961A680F5B00A75B9A /* components.app */,
				00E356EE1AD99517003FC87E /* componentsTests.xctest */,
			);
			name = Products;
			sourceTree = "<group>";
		};
		DFC26090817E41A59F1FE2D1 /* Resources */ = {
			isa = "PBXGroup";
			children = (
				33E6C5D39CC647BDA3C7BB76 /* Lexend-Black.ttf */,
				01EEBF435BF645B598E5639F /* Lexend-Bold.ttf */,
				D5022893F62641B0AD07C32A /* Lexend-ExtraBold.ttf */,
				67AFC6219A4F4B60A8B336FA /* Lexend-ExtraLight.ttf */,
				299328FD4EF14818AE28FE94 /* Lexend-Light.ttf */,
				215E8DB086E34E70845278D7 /* Lexend-Medium.ttf */,
				08FEAC9573104B09BE7BA79E /* Lexend-Regular.ttf */,
				3FBC8A9E6DFA417788D1BBB0 /* Lexend-SemiBold.ttf */,
				DCCCEA5637C9463AB4CBE06E /* Lexend-Thin.ttf */,
				E9D699895A6F4F68B3B3DDD5 /* Poppins-Black.ttf */,
				4F7AB2EE6E6146DBB790166C /* Poppins-BlackItalic.ttf */,
				B9219C9C88D3447DAACAA424 /* Poppins-Bold.ttf */,
				E0E99946CBD54B4BA54AC001 /* Poppins-BoldItalic.ttf */,
				958FD82605004FD2A7264D8F /* Poppins-ExtraBold.ttf */,
				E744201F908043AAB971FE54 /* Poppins-ExtraBoldItalic.ttf */,
				1D201CD1C3594B3EA23F7FA7 /* Poppins-ExtraLight.ttf */,
				CC6AC8D661DF49BC93DAB1F8 /* Poppins-ExtraLightItalic.ttf */,
				B8842776F7A440DE9AF5A1B8 /* Poppins-Italic.ttf */,
				74ED9126E52C4E53A75F1CF8 /* Poppins-Light.ttf */,
				FEBE16312A0D4FE0A438DFDE /* Poppins-LightItalic.ttf */,
				FC17D7FB02ED4460986DAB5E /* Poppins-Medium.ttf */,
				0C1593AC60D94BE392E95451 /* Poppins-MediumItalic.ttf */,
				93E8F3EED81F41A897257740 /* Poppins-Regular.ttf */,
				59EEFB56C7CC461284638328 /* Poppins-SemiBold.ttf */,
				36EA27FBBA664A55B6E65596 /* Poppins-SemiBoldItalic.ttf */,
				FE383963109B487292E58F37 /* Poppins-Thin.ttf */,
				C2A05E923E124C5E9E6F5171 /* Poppins-ThinItalic.ttf */,
				FB5E6FCB7CB540C491A266F7 /* AntDesign.ttf */,
				11BEBDAF04AE4E74BA2AC1DF /* Entypo.ttf */,
				93F547A75C0241748FB4E101 /* EvilIcons.ttf */,
				BB1447D9898B47CD8EB79E21 /* Feather.ttf */,
				C64C4017319D4F389CF89F74 /* FontAwesome.ttf */,
				C68B21651D5D45F3A2913709 /* FontAwesome5_Brands.ttf */,
				809B5A97C23240F1AA52DABD /* FontAwesome5_Regular.ttf */,
				E066C2536ED04AD28418F636 /* FontAwesome5_Solid.ttf */,
				32E5E585C1CE443C923EAED2 /* Fontisto.ttf */,
				A5DDC34968704D2ABDBF51F4 /* Foundation.ttf */,
				A0CF579F54774D43B0914456 /* Ionicons.ttf */,
				0C5A7F3ACD0649BF8C9081B3 /* MaterialCommunityIcons.ttf */,
				B884F602818B4434847146C7 /* MaterialIcons.ttf */,
				C6C61B0D09D441019457452D /* Octicons.ttf */,
				8E320EED4D9C4DDE8A031914 /* SimpleLineIcons.ttf */,
				C7A274784A3C46AE89203C88 /* Zocial.ttf */,
			);
			name = Resources;
			sourceTree = "<group>";
			path = "";
		};
/* End PBXGroup section */

/* Begin PBXNativeTarget section */
		00E356ED1AD99517003FC87E /* componentsTests */ = {
			isa = PBXNativeTarget;
			buildConfigurationList = 00E357021AD99517003FC87E /* Build configuration list for PBXNativeTarget "componentsTests" */;
			buildPhases = (
				00E356EA1AD99517003FC87E /* Sources */,
				00E356EB1AD99517003FC87E /* Frameworks */,
				00E356EC1AD99517003FC87E /* Resources */,
			);
			buildRules = (
			);
			dependencies = (
				00E356F51AD99517003FC87E /* PBXTargetDependency */,
			);
			name = componentsTests;
			productName = componentsTests;
			productReference = 00E356EE1AD99517003FC87E /* componentsTests.xctest */;
			productType = "com.apple.product-type.bundle.unit-test";
		};
		13B07F861A680F5B00A75B9A /* components */ = {
			isa = PBXNativeTarget;
			buildConfigurationList = 13B07F931A680F5B00A75B9A /* Build configuration list for PBXNativeTarget "components" */;
			buildPhases = (
				FD10A7F022414F080027D42C /* Start Packager */,
				13B07F871A680F5B00A75B9A /* Sources */,
				13B07F8C1A680F5B00A75B9A /* Frameworks */,
				13B07F8E1A680F5B00A75B9A /* Resources */,
				00DD1BFF1BD5951E006B06BC /* Bundle React Native code and images */,
			);
			buildRules = (
			);
			dependencies = (
			);
			name = components;
			productName = components;
			productReference = 13B07F961A680F5B00A75B9A /* components.app */;
			productType = "com.apple.product-type.application";
		};
/* End PBXNativeTarget section */

/* Begin PBXProject section */
		83CBB9F71A601CBA00E9B192 /* Project object */ = {
			isa = PBXProject;
			attributes = {
				LastUpgradeCheck = 1210;
				TargetAttributes = {
					00E356ED1AD99517003FC87E = {
						CreatedOnToolsVersion = 6.2;
						TestTargetID = 13B07F861A680F5B00A75B9A;
					};
					13B07F861A680F5B00A75B9A = {
						LastSwiftMigration = 1120;
					};
				};
			};
			buildConfigurationList = 83CBB9FA1A601CBA00E9B192 /* Build configuration list for PBXProject "components" */;
			compatibilityVersion = "Xcode 12.0";
			developmentRegion = en;
			hasScannedForEncodings = 0;
			knownRegions = (
				en,
				Base,
			);
			mainGroup = 83CBB9F61A601CBA00E9B192;
			productRefGroup = 83CBBA001A601CBA00E9B192 /* Products */;
			projectDirPath = "";
			projectRoot = "";
			targets = (
				13B07F861A680F5B00A75B9A /* components */,
				00E356ED1AD99517003FC87E /* componentsTests */,
			);
		};
/* End PBXProject section */

/* Begin PBXResourcesBuildPhase section */
		00E356EC1AD99517003FC87E /* Resources */ = {
			isa = PBXResourcesBuildPhase;
			buildActionMask = 2147483647;
			files = (
			);
			runOnlyForDeploymentPostprocessing = 0;
		};
		13B07F8E1A680F5B00A75B9A /* Resources */ = {
			isa = PBXResourcesBuildPhase;
			buildActionMask = 2147483647;
			files = (
				81AB9BB82411601600AC10FF /* LaunchScreen.storyboard in Resources */,
				13B07FBF1A68108700A75B9A /* Images.xcassets in Resources */,
				0D945A3E38B24A93ABC94A6B /* Lexend-Black.ttf in Resources */,
				9BBDC34092D746AFA2543F15 /* Lexend-Bold.ttf in Resources */,
				1625845A90C947A48823E8C3 /* Lexend-ExtraBold.ttf in Resources */,
				DAF8266624704471A34332FC /* Lexend-ExtraLight.ttf in Resources */,
				4C46A73DAAD8415183C53296 /* Lexend-Light.ttf in Resources */,
				DC81F16516F24B61911239F5 /* Lexend-Medium.ttf in Resources */,
				084DFE5D102F4793A7F5AB10 /* Lexend-Regular.ttf in Resources */,
				3AC51F074AF348419987914C /* Lexend-SemiBold.ttf in Resources */,
				64F0F4FCDB6E4D62BD79DEAA /* Lexend-Thin.ttf in Resources */,
				0053189A6FE542159FB7FEF6 /* Poppins-Black.ttf in Resources */,
				65447FD8642043F186029401 /* Poppins-BlackItalic.ttf in Resources */,
				5F3FA3EEE80F4EA8A83C8A97 /* Poppins-Bold.ttf in Resources */,
				B3A6996673594C9EA1EDB5FE /* Poppins-BoldItalic.ttf in Resources */,
				8AA88EC04472497192F5F50B /* Poppins-ExtraBold.ttf in Resources */,
				D02FE1C8AA774AB69A3A6CBD /* Poppins-ExtraBoldItalic.ttf in Resources */,
				22EF47B56FF4427FAFD457AB /* Poppins-ExtraLight.ttf in Resources */,
				81CEFF584E8F48B1A4D62D66 /* Poppins-ExtraLightItalic.ttf in Resources */,
				330B234119A841C8BF02F339 /* Poppins-Italic.ttf in Resources */,
				D76F49B768AE473299F0888A /* Poppins-Light.ttf in Resources */,
				C179A8C97EFD47D9B89455D7 /* Poppins-LightItalic.ttf in Resources */,
				7890478AB8DC4A7CB0740B80 /* Poppins-Medium.ttf in Resources */,
				10959208CFA0424BB7DA0063 /* Poppins-MediumItalic.ttf in Resources */,
				5CDE9855FDFC4043B40C4FE2 /* Poppins-Regular.ttf in Resources */,
				FE7FFA5201C94A9D867F4F03 /* Poppins-SemiBold.ttf in Resources */,
				0CE5051D59484143939AF7E8 /* Poppins-SemiBoldItalic.ttf in Resources */,
				8EF498564AA74B92B9ACEC70 /* Poppins-Thin.ttf in Resources */,
				A9949A4478B44CF3AE3FC390 /* Poppins-ThinItalic.ttf in Resources */,
				80CA4CDB0A8F40F0829EAB3D /* AntDesign.ttf in Resources */,
				AFEB31E525504CEF8846CC80 /* Entypo.ttf in Resources */,
				FD5CD3BBAF6C4C90A806BC20 /* EvilIcons.ttf in Resources */,
				2F0146D8BF5C4A85B526C8D8 /* Feather.ttf in Resources */,
				F6D1D9EBF02148F1A6FF4D91 /* FontAwesome.ttf in Resources */,
				D19B9715888E4E92B0FB3C23 /* FontAwesome5_Brands.ttf in Resources */,
				944F00EFA9E34104870090BE /* FontAwesome5_Regular.ttf in Resources */,
				74F7F8F05FA3439E85CA3782 /* FontAwesome5_Solid.ttf in Resources */,
				EE0787B1677141CF9F9ED899 /* Fontisto.ttf in Resources */,
				0D048A5ED7C348179B3A901F /* Foundation.ttf in Resources */,
				8E570813F53348C5A1BFC21B /* Ionicons.ttf in Resources */,
				EBCBA4E5184143E79F555AF3 /* MaterialCommunityIcons.ttf in Resources */,
				4221D52AC47E481487B0D51A /* MaterialIcons.ttf in Resources */,
				FCA18F24B008410FBC74F8D2 /* Octicons.ttf in Resources */,
				7006D81E87B7488C96C0786D /* SimpleLineIcons.ttf in Resources */,
				D1AFD3E0E60149ADAA895AFE /* Zocial.ttf in Resources */,
			);
			runOnlyForDeploymentPostprocessing = 0;
		};
/* End PBXResourcesBuildPhase section */

/* Begin PBXShellScriptBuildPhase section */
		00DD1BFF1BD5951E006B06BC /* Bundle React Native code and images */ = {
			isa = PBXShellScriptBuildPhase;
			buildActionMask = 2147483647;
			files = (
			);
			inputPaths = (
			);
			name = "Bundle React Native code and images";
			outputPaths = (
			);
			runOnlyForDeploymentPostprocessing = 0;
			shellPath = /bin/sh;
			shellScript = "set -e\n\nexport NODE_BINARY=node\n../node_modules/react-native/scripts/react-native-xcode.sh\n";
		};
		FD10A7F022414F080027D42C /* Start Packager */ = {
			isa = PBXShellScriptBuildPhase;
			buildActionMask = 2147483647;
			files = (
			);
			inputFileListPaths = (
			);
			inputPaths = (
			);
			name = "Start Packager";
			outputFileListPaths = (
			);
			outputPaths = (
			);
			runOnlyForDeploymentPostprocessing = 0;
			shellPath = /bin/sh;
			shellScript = "export RCT_METRO_PORT=\"${RCT_METRO_PORT:=8081}\"\necho \"export RCT_METRO_PORT=${RCT_METRO_PORT}\" > \"${SRCROOT}/../node_modules/react-native/scripts/.packager.env\"\nif [ -z \"${RCT_NO_LAUNCH_PACKAGER+xxx}\" ] ; then\n  if nc -w 5 -z localhost ${RCT_METRO_PORT} ; then\n    if ! curl -s \"http://localhost:${RCT_METRO_PORT}/status\" | grep -q \"packager-status:running\" ; then\n      echo \"Port ${RCT_METRO_PORT} already in use, packager is either not running or not running correctly\"\n      exit 2\n    fi\n  else\n    open \"$SRCROOT/../node_modules/react-native/scripts/launchPackager.command\" || echo \"Can't start packager automatically\"\n  fi\nfi\n";
			showEnvVarsInLog = 0;
		};
/* End PBXShellScriptBuildPhase section */

/* Begin PBXSourcesBuildPhase section */
		00E356EA1AD99517003FC87E /* Sources */ = {
			isa = PBXSourcesBuildPhase;
			buildActionMask = 2147483647;
			files = (
				00E356F31AD99517003FC87E /* componentsTests.m in Sources */,
			);
			runOnlyForDeploymentPostprocessing = 0;
		};
		13B07F871A680F5B00A75B9A /* Sources */ = {
			isa = PBXSourcesBuildPhase;
			buildActionMask = 2147483647;
			files = (
				13B07FBC1A68108700A75B9A /* AppDelegate.m in Sources */,
				13B07FC11A68108700A75B9A /* main.m in Sources */,
			);
			runOnlyForDeploymentPostprocessing = 0;
		};
/* End PBXSourcesBuildPhase section */

/* Begin PBXTargetDependency section */
		00E356F51AD99517003FC87E /* PBXTargetDependency */ = {
			isa = PBXTargetDependency;
			target = 13B07F861A680F5B00A75B9A /* components */;
			targetProxy = 00E356F41AD99517003FC87E /* PBXContainerItemProxy */;
		};
/* End PBXTargetDependency section */

/* Begin XCBuildConfiguration section */
		00E356F61AD99517003FC87E /* Debug */ = {
			isa = XCBuildConfiguration;
			buildSettings = {
				BUNDLE_LOADER = "$(TEST_HOST)";
				GCC_PREPROCESSOR_DEFINITIONS = (
					"DEBUG=1",
					"$(inherited)",
				);
				INFOPLIST_FILE = componentsTests/Info.plist;
				IPHONEOS_DEPLOYMENT_TARGET = 11.0;
				LD_RUNPATH_SEARCH_PATHS = (
					"$(inherited)",
					"@executable_path/Frameworks",
					"@loader_path/Frameworks",
				);
				OTHER_LDFLAGS = (
					"-ObjC",
					"-lc++",
					"$(inherited)",
				);
				PRODUCT_BUNDLE_IDENTIFIER = "org.reactjs.native.example.$(PRODUCT_NAME:rfc1034identifier)";
				PRODUCT_NAME = "$(TARGET_NAME)";
				TEST_HOST = "$(BUILT_PRODUCTS_DIR)/components.app/components";
			};
			name = Debug;
		};
		00E356F71AD99517003FC87E /* Release */ = {
			isa = XCBuildConfiguration;
			buildSettings = {
				BUNDLE_LOADER = "$(TEST_HOST)";
				COPY_PHASE_STRIP = NO;
				INFOPLIST_FILE = componentsTests/Info.plist;
				IPHONEOS_DEPLOYMENT_TARGET = 11.0;
				LD_RUNPATH_SEARCH_PATHS = (
					"$(inherited)",
					"@executable_path/Frameworks",
					"@loader_path/Frameworks",
				);
				OTHER_LDFLAGS = (
					"-ObjC",
					"-lc++",
					"$(inherited)",
				);
				PRODUCT_BUNDLE_IDENTIFIER = "org.reactjs.native.example.$(PRODUCT_NAME:rfc1034identifier)";
				PRODUCT_NAME = "$(TARGET_NAME)";
				TEST_HOST = "$(BUILT_PRODUCTS_DIR)/components.app/components";
			};
			name = Release;
		};
		13B07F941A680F5B00A75B9A /* Debug */ = {
			isa = XCBuildConfiguration;
			buildSettings = {
				ASSETCATALOG_COMPILER_APPICON_NAME = AppIcon;
				CLANG_ENABLE_MODULES = YES;
				CURRENT_PROJECT_VERSION = 1;
				ENABLE_BITCODE = NO;
				INFOPLIST_FILE = components/Info.plist;
				LD_RUNPATH_SEARCH_PATHS = (
					"$(inherited)",
					"@executable_path/Frameworks",
				);
				OTHER_LDFLAGS = (
					"$(inherited)",
					"-ObjC",
					"-lc++",
				);
				PRODUCT_BUNDLE_IDENTIFIER = "org.reactjs.native.example.$(PRODUCT_NAME:rfc1034identifier)";
				PRODUCT_NAME = components;
				SWIFT_OPTIMIZATION_LEVEL = "-Onone";
				SWIFT_VERSION = 5.0;
				VERSIONING_SYSTEM = "apple-generic";
			};
			name = Debug;
		};
		13B07F951A680F5B00A75B9A /* Release */ = {
			isa = XCBuildConfiguration;
			buildSettings = {
				ASSETCATALOG_COMPILER_APPICON_NAME = AppIcon;
				CLANG_ENABLE_MODULES = YES;
				CURRENT_PROJECT_VERSION = 1;
				INFOPLIST_FILE = components/Info.plist;
				LD_RUNPATH_SEARCH_PATHS = (
					"$(inherited)",
					"@executable_path/Frameworks",
				);
				OTHER_LDFLAGS = (
					"$(inherited)",
					"-ObjC",
					"-lc++",
				);
				PRODUCT_BUNDLE_IDENTIFIER = "org.reactjs.native.example.$(PRODUCT_NAME:rfc1034identifier)";
				PRODUCT_NAME = components;
				SWIFT_VERSION = 5.0;
				VERSIONING_SYSTEM = "apple-generic";
			};
			name = Release;
		};
		83CBBA201A601CBA00E9B192 /* Debug */ = {
			isa = XCBuildConfiguration;
			buildSettings = {
				ALWAYS_SEARCH_USER_PATHS = NO;
				CLANG_ANALYZER_LOCALIZABILITY_NONLOCALIZED = YES;
				CLANG_CXX_LANGUAGE_STANDARD = "gnu++0x";
				CLANG_CXX_LIBRARY = "libc++";
				CLANG_ENABLE_MODULES = YES;
				CLANG_ENABLE_OBJC_ARC = YES;
				CLANG_WARN_BLOCK_CAPTURE_AUTORELEASING = YES;
				CLANG_WARN_BOOL_CONVERSION = YES;
				CLANG_WARN_COMMA = YES;
				CLANG_WARN_CONSTANT_CONVERSION = YES;
				CLANG_WARN_DEPRECATED_OBJC_IMPLEMENTATIONS = YES;
				CLANG_WARN_DIRECT_OBJC_ISA_USAGE = YES_ERROR;
				CLANG_WARN_EMPTY_BODY = YES;
				CLANG_WARN_ENUM_CONVERSION = YES;
				CLANG_WARN_INFINITE_RECURSION = YES;
				CLANG_WARN_INT_CONVERSION = YES;
				CLANG_WARN_NON_LITERAL_NULL_CONVERSION = YES;
				CLANG_WARN_OBJC_IMPLICIT_RETAIN_SELF = YES;
				CLANG_WARN_OBJC_LITERAL_CONVERSION = YES;
				CLANG_WARN_OBJC_ROOT_CLASS = YES_ERROR;
				CLANG_WARN_QUOTED_INCLUDE_IN_FRAMEWORK_HEADER = YES;
				CLANG_WARN_RANGE_LOOP_ANALYSIS = YES;
				CLANG_WARN_STRICT_PROTOTYPES = YES;
				CLANG_WARN_SUSPICIOUS_MOVE = YES;
				CLANG_WARN_UNREACHABLE_CODE = YES;
				CLANG_WARN__DUPLICATE_METHOD_MATCH = YES;
				"CODE_SIGN_IDENTITY[sdk=iphoneos*]" = "iPhone Developer";
				COPY_PHASE_STRIP = NO;
				ENABLE_STRICT_OBJC_MSGSEND = YES;
				ENABLE_TESTABILITY = YES;
				GCC_C_LANGUAGE_STANDARD = gnu99;
				GCC_DYNAMIC_NO_PIC = NO;
				GCC_NO_COMMON_BLOCKS = YES;
				GCC_OPTIMIZATION_LEVEL = 0;
				GCC_PREPROCESSOR_DEFINITIONS = (
					"DEBUG=1",
					"$(inherited)",
				);
				GCC_SYMBOLS_PRIVATE_EXTERN = NO;
				GCC_WARN_64_TO_32_BIT_CONVERSION = YES;
				GCC_WARN_ABOUT_RETURN_TYPE = YES_ERROR;
				GCC_WARN_UNDECLARED_SELECTOR = YES;
				GCC_WARN_UNINITIALIZED_AUTOS = YES_AGGRESSIVE;
				GCC_WARN_UNUSED_FUNCTION = YES;
				GCC_WARN_UNUSED_VARIABLE = YES;
				IPHONEOS_DEPLOYMENT_TARGET = 11.0;
				LD_RUNPATH_SEARCH_PATHS = (
					/usr/lib/swift,
					"$(inherited)",
				);
				LIBRARY_SEARCH_PATHS = (
					"\"$(SDKROOT)/usr/lib/swift\"",
					"\"$(TOOLCHAIN_DIR)/usr/lib/swift/$(PLATFORM_NAME)\"",
					"\"$(inherited)\"",
				);
				MTL_ENABLE_DEBUG_INFO = YES;
				ONLY_ACTIVE_ARCH = YES;
				SDKROOT = iphoneos;
			};
			name = Debug;
		};
		83CBBA211A601CBA00E9B192 /* Release */ = {
			isa = XCBuildConfiguration;
			buildSettings = {
				ALWAYS_SEARCH_USER_PATHS = NO;
				CLANG_ANALYZER_LOCALIZABILITY_NONLOCALIZED = YES;
				CLANG_CXX_LANGUAGE_STANDARD = "gnu++0x";
				CLANG_CXX_LIBRARY = "libc++";
				CLANG_ENABLE_MODULES = YES;
				CLANG_ENABLE_OBJC_ARC = YES;
				CLANG_WARN_BLOCK_CAPTURE_AUTORELEASING = YES;
				CLANG_WARN_BOOL_CONVERSION = YES;
				CLANG_WARN_COMMA = YES;
				CLANG_WARN_CONSTANT_CONVERSION = YES;
				CLANG_WARN_DEPRECATED_OBJC_IMPLEMENTATIONS = YES;
				CLANG_WARN_DIRECT_OBJC_ISA_USAGE = YES_ERROR;
				CLANG_WARN_EMPTY_BODY = YES;
				CLANG_WARN_ENUM_CONVERSION = YES;
				CLANG_WARN_INFINITE_RECURSION = YES;
				CLANG_WARN_INT_CONVERSION = YES;
				CLANG_WARN_NON_LITERAL_NULL_CONVERSION = YES;
				CLANG_WARN_OBJC_IMPLICIT_RETAIN_SELF = YES;
				CLANG_WARN_OBJC_LITERAL_CONVERSION = YES;
				CLANG_WARN_OBJC_ROOT_CLASS = YES_ERROR;
				CLANG_WARN_QUOTED_INCLUDE_IN_FRAMEWORK_HEADER = YES;
				CLANG_WARN_RANGE_LOOP_ANALYSIS = YES;
				CLANG_WARN_STRICT_PROTOTYPES = YES;
				CLANG_WARN_SUSPICIOUS_MOVE = YES;
				CLANG_WARN_UNREACHABLE_CODE = YES;
				CLANG_WARN__DUPLICATE_METHOD_MATCH = YES;
				"CODE_SIGN_IDENTITY[sdk=iphoneos*]" = "iPhone Developer";
				COPY_PHASE_STRIP = YES;
				ENABLE_NS_ASSERTIONS = NO;
				ENABLE_STRICT_OBJC_MSGSEND = YES;
				GCC_C_LANGUAGE_STANDARD = gnu99;
				GCC_NO_COMMON_BLOCKS = YES;
				GCC_WARN_64_TO_32_BIT_CONVERSION = YES;
				GCC_WARN_ABOUT_RETURN_TYPE = YES_ERROR;
				GCC_WARN_UNDECLARED_SELECTOR = YES;
				GCC_WARN_UNINITIALIZED_AUTOS = YES_AGGRESSIVE;
				GCC_WARN_UNUSED_FUNCTION = YES;
				GCC_WARN_UNUSED_VARIABLE = YES;
				IPHONEOS_DEPLOYMENT_TARGET = 11.0;
				LD_RUNPATH_SEARCH_PATHS = (
					/usr/lib/swift,
					"$(inherited)",
				);
				LIBRARY_SEARCH_PATHS = (
					"\"$(SDKROOT)/usr/lib/swift\"",
					"\"$(TOOLCHAIN_DIR)/usr/lib/swift/$(PLATFORM_NAME)\"",
					"\"$(inherited)\"",
				);
				MTL_ENABLE_DEBUG_INFO = NO;
				SDKROOT = iphoneos;
				VALIDATE_PRODUCT = YES;
			};
			name = Release;
		};
/* End XCBuildConfiguration section */

/* Begin XCConfigurationList section */
		00E357021AD99517003FC87E /* Build configuration list for PBXNativeTarget "componentsTests" */ = {
			isa = XCConfigurationList;
			buildConfigurations = (
				00E356F61AD99517003FC87E /* Debug */,
				00E356F71AD99517003FC87E /* Release */,
			);
			defaultConfigurationIsVisible = 0;
			defaultConfigurationName = Release;
		};
		13B07F931A680F5B00A75B9A /* Build configuration list for PBXNativeTarget "components" */ = {
			isa = XCConfigurationList;
			buildConfigurations = (
				13B07F941A680F5B00A75B9A /* Debug */,
				13B07F951A680F5B00A75B9A /* Release */,
			);
			defaultConfigurationIsVisible = 0;
			defaultConfigurationName = Release;
		};
		83CBB9FA1A601CBA00E9B192 /* Build configuration list for PBXProject "components" */ = {
			isa = XCConfigurationList;
			buildConfigurations = (
				83CBBA201A601CBA00E9B192 /* Debug */,
				83CBBA211A601CBA00E9B192 /* Release */,
			);
			defaultConfigurationIsVisible = 0;
			defaultConfigurationName = Release;
		};
/* End XCConfigurationList section */
	};
	rootObject = 83CBB9F71A601CBA00E9B192 /* Project object */;
}
